
Microsoft Visual Studio Solution File, Format Version 12.00
# Visual Studio Version 16
VisualStudioVersion = 16.0.31729.503
MinimumVisualStudioVersion = 10.0.40219.1
Project("{FAE04EC0-301F-11D3-BF4B-00C04F79EFBC}") = "MyFirstPlugin", "MyFirstPlugin.csproj", "{1C84EA64-2536-4547-921A-219825DCECE7}"
EndProject
Global
	GlobalSection(SolutionConfigurationPlatforms) = preSolution
		Debug|Any CPU = Debug|Any CPU
		Release|Any CPU = Release|Any CPU
	EndGlobalSection
	GlobalSection(ProjectConfigurationPlatforms) = postSolution
		{1C84EA64-2536-4547-921A-219825DCECE7}.Debug|Any CPU.ActiveCfg = Debug|Any CPU
		{1C84EA64-2536-4547-921A-219825DCECE7}.Debug|Any CPU.Build.0 = Debug|Any CPU
		{1C84EA64-2536-4547-921A-219825DCECE7}.Release|Any CPU.ActiveCfg = Release|Any CPU
		{1C84EA64-2536-4547-921A-219825DCECE7}.Release|Any CPU.Build.0 = Release|Any CPU
	EndGlobalSection
	GlobalSection(SolutionProperties) = preSolution
		HideSolutionNode = FALSE
	EndGlobalSection
	GlobalSection(ExtensibilityGlobals) = postSolution
		SolutionGuid = {F3A732E2-E164-49A2-9CBB-D2E6649B6797}
	EndGlobalSection
EndGlobal
